// !$*UTF8*$!
{
	archiveVersion = 1;
	classes = {
	};
	objectVersion = 50;
	objects = {

/* Begin PBXBuildFile section */
		EDCE258122421AF00094BB79 /* AppDelegate.swift in Sources */ = {isa = PBXBuildFile; fileRef = EDCE258022421AF00094BB79 /* AppDelegate.swift */; };
		EDCE258322421AF00094BB79 /* ViewController.swift in Sources */ = {isa = PBXBuildFile; fileRef = EDCE258222421AF00094BB79 /* ViewController.swift */; };
		EDCE258622421AF00094BB79 /* Main.storyboard in Resources */ = {isa = PBXBuildFile; fileRef = EDCE258422421AF00094BB79 /* Main.storyboard */; };
		EDCE258822421AF20094BB79 /* Assets.xcassets in Resources */ = {isa = PBXBuildFile; fileRef = EDCE258722421AF20094BB79 /* Assets.xcassets */; };
		EDCE258B22421AF20094BB79 /* LaunchScreen.storyboard in Resources */ = {isa = PBXBuildFile; fileRef = EDCE258922421AF20094BB79 /* LaunchScreen.storyboard */; };
		EDCE259722424C070094BB79 /* HealthKit.framework in Frameworks */ = {isa = PBXBuildFile; fileRef = EDCE259622424C070094BB79 /* HealthKit.framework */; };
/* End PBXBuildFile section */

/* Begin PBXFileReference section */
		EDCE257D22421AF00094BB79 /* HealthRecordsSample.app */ = {isa = PBXFileReference; explicitFileType = wrapper.application; includeInIndex = 0; path = HealthRecordsSample.app; sourceTree = BUILT_PRODUCTS_DIR; };
		EDCE258022421AF00094BB79 /* AppDelegate.swift */ = {isa = PBXFileReference; lastKnownFileType = sourcecode.swift; path = AppDelegate.swift; sourceTree = "<group>"; };
		EDCE258222421AF00094BB79 /* ViewController.swift */ = {isa = PBXFileReference; lastKnownFileType = sourcecode.swift; path = ViewController.swift; sourceTree = "<group>"; };
		EDCE258522421AF00094BB79 /* Base */ = {isa = PBXFileReference; lastKnownFileType = file.storyboard; name = Base; path = Base.lproj/Main.storyboard; sourceTree = "<group>"; };
		EDCE258722421AF20094BB79 /* Assets.xcassets */ = {isa = PBXFileReference; lastKnownFileType = folder.assetcatalog; path = Assets.xcassets; sourceTree = "<group>"; };
		EDCE258A22421AF20094BB79 /* Base */ = {isa = PBXFileReference; lastKnownFileType = file.storyboard; name = Base; path = Base.lproj/LaunchScreen.storyboard; sourceTree = "<group>"; };
		EDCE258C22421AF20094BB79 /* Info.plist */ = {isa = PBXFileReference; lastKnownFileType = text.plist.xml; path = Info.plist; sourceTree = "<group>"; };
		EDCE259222421AFD0094BB79 /* HealthRecordsSample.entitlements */ = {isa = PBXFileReference; lastKnownFileType = text.plist.entitlements; path = HealthRecordsSample.entitlements; sourceTree = "<group>"; };
		EDCE259622424C070094BB79 /* HealthKit.framework */ = {isa = PBXFileReference; lastKnownFileType = wrapper.framework; name = HealthKit.framework; path = System/Library/Frameworks/HealthKit.framework; sourceTree = SDKROOT; };
/* End PBXFileReference section */

/* Begin PBXFrameworksBuildPhase section */
		EDCE257A22421AF00094BB79 /* Frameworks */ = {
			isa = PBXFrameworksBuildPhase;
			buildActionMask = 2147483647;
			files = (
				EDCE259722424C070094BB79 /* HealthKit.framework in Frameworks */,
			);
			runOnlyForDeploymentPostprocessing = 0;
		};
/* End PBXFrameworksBuildPhase section */

/* Begin PBXGroup section */
		EDCE257422421AF00094BB79 = {
			isa = PBXGroup;
			children = (
				EDCE257F22421AF00094BB79 /* HealthRecordsSample */,
				EDCE257E22421AF00094BB79 /* Products */,
				EDCE259322421AFD0094BB79 /* Frameworks */,
			);
			sourceTree = "<group>";
		};
		EDCE257E22421AF00094BB79 /* Products */ = {
			isa = PBXGroup;
			children = (
				EDCE257D22421AF00094BB79 /* HealthRecordsSample.app */,
			);
			name = Products;
			sourceTree = "<group>";
		};
		EDCE257F22421AF00094BB79 /* HealthRecordsSample */ = {
			isa = PBXGroup;
			children = (
				EDCE259222421AFD0094BB79 /* HealthRecordsSample.entitlements */,
				EDCE258022421AF00094BB79 /* AppDelegate.swift */,
				EDCE258222421AF00094BB79 /* ViewController.swift */,
				EDCE258422421AF00094BB79 /* Main.storyboard */,
				EDCE258722421AF20094BB79 /* Assets.xcassets */,
				EDCE258922421AF20094BB79 /* LaunchScreen.storyboard */,
				EDCE258C22421AF20094BB79 /* Info.plist */,
			);
			path = HealthRecordsSample;
			sourceTree = "<group>";
		};
		EDCE259322421AFD0094BB79 /* Frameworks */ = {
			isa = PBXGroup;
			children = (
				EDCE259622424C070094BB79 /* HealthKit.framework */,
			);
			name = Frameworks;
			sourceTree = "<group>";
		};
/* End PBXGroup section */

/* Begin PBXNativeTarget section */
		EDCE257C22421AF00094BB79 /* HealthRecordsSample */ = {
			isa = PBXNativeTarget;
			buildConfigurationList = EDCE258F22421AF20094BB79 /* Build configuration list for PBXNativeTarget "HealthRecordsSample" */;
			buildPhases = (
				EDCE257922421AF00094BB79 /* Sources */,
				EDCE257A22421AF00094BB79 /* Frameworks */,
				EDCE257B22421AF00094BB79 /* Resources */,
			);
			buildRules = (
			);
			dependencies = (
			);
			name = HealthRecordsSample;
			productName = HealthRecordsSample;
			productReference = EDCE257D22421AF00094BB79 /* HealthRecordsSample.app */;
			productType = "com.apple.product-type.application";
		};
/* End PBXNativeTarget section */

/* Begin PBXProject section */
		EDCE257522421AF00094BB79 /* Project object */ = {
			isa = PBXProject;
			attributes = {
				LastSwiftUpdateCheck = 1010;
				LastUpgradeCheck = 1010;
				ORGANIZATIONNAME = "Nobuhiro Takahashi";
				TargetAttributes = {
					EDCE257C22421AF00094BB79 = {
						CreatedOnToolsVersion = 10.1;
						SystemCapabilities = {
							com.apple.HealthKit = {
								enabled = 1;
							};
						};
					};
				};
			};
			buildConfigurationList = EDCE257822421AF00094BB79 /* Build configuration list for PBXProject "HealthRecordsSample" */;
			compatibilityVersion = "Xcode 9.3";
			developmentRegion = en;
			hasScannedForEncodings = 0;
			knownRegions = (
				en,
				Base,
			);
			mainGroup = EDCE257422421AF00094BB79;
			productRefGroup = EDCE257E22421AF00094BB79 /* Products */;
			projectDirPath = "";
			projectRoot = "";
			targets = (
				EDCE257C22421AF00094BB79 /* HealthRecordsSample */,
			);
		};
/* End PBXProject section */

/* Begin PBXResourcesBuildPhase section */
		EDCE257B22421AF00094BB79 /* Resources */ = {
			isa = PBXResourcesBuildPhase;
			buildActionMask = 2147483647;
			files = (
				EDCE258B22421AF20094BB79 /* LaunchScreen.storyboard in Resources */,
				EDCE258822421AF20094BB79 /* Assets.xcassets in Resources */,
				EDCE258622421AF00094BB79 /* Main.storyboard in Resources */,
			);
			runOnlyForDeploymentPostprocessing = 0;
		};
/* End PBXResourcesBuildPhase section */

/* Begin PBXSourcesBuildPhase section */
		EDCE257922421AF00094BB79 /* Sources */ = {
			isa = PBXSourcesBuildPhase;
			buildActionMask = 2147483647;
			files = (
				EDCE258322421AF00094BB79 /* ViewController.swift in Sources */,
				EDCE258122421AF00094BB79 /* AppDelegate.swift in Sources */,
			);
			runOnlyForDeploymentPostprocessing = 0;
		};
/* End PBXSourcesBuildPhase section */

/* Begin PBXVariantGroup section */
		EDCE258422421AF00094BB79 /* Main.storyboard */ = {
			isa = PBXVariantGroup;
			children = (
				EDCE258522421AF00094BB79 /* Base */,
			);
			name = Main.storyboard;
			sourceTree = "<group>";
		};
		EDCE258922421AF20094BB79 /* LaunchScreen.storyboard */ = {
			isa = PBXVariantGroup;
			children = (
				EDCE258A22421AF20094BB79 /* Base */,
			);
			name = LaunchScreen.storyboard;
			sourceTree = "<group>";
		};
/* End PBXVariantGroup section */

/* Begin XCBuildConfiguration section */
		EDCE258D22421AF20094BB79 /* Debug */ = {
			isa = XCBuildConfiguration;
			buildSettings = {
				ALWAYS_SEARCH_USER_PATHS = NO;
				CLANG_ANALYZER_NONNULL = YES;
				CLANG_ANALYZER_NUMBER_OBJECT_CONVERSION = YES_AGGRESSIVE;
				CLANG_CXX_LANGUAGE_STANDARD = "gnu++14";
				CLANG_CXX_LIBRARY = "libc++";
				CLANG_ENABLE_MODULES = YES;
				CLANG_ENABLE_OBJC_ARC = YES;
				CLANG_ENABLE_OBJC_WEAK = YES;
				CLANG_WARN_BLOCK_CAPTURE_AUTORELEASING = YES;
				CLANG_WARN_BOOL_CONVERSION = YES;
				CLANG_WARN_COMMA = YES;
				CLANG_WARN_CONSTANT_CONVERSION = YES;
				CLANG_WARN_DEPRECATED_OBJC_IMPLEMENTATIONS = YES;
				CLANG_WARN_DIRECT_OBJC_ISA_USAGE = YES_ERROR;
				CLANG_WARN_DOCUMENTATION_COMMENTS = YES;
				CLANG_WARN_EMPTY_BODY = YES;
				CLANG_WARN_ENUM_CONVERSION = YES;
				CLANG_WARN_INFINITE_RECURSION = YES;
				CLANG_WARN_INT_CONVERSION = YES;
				CLANG_WARN_NON_LITERAL_NULL_CONVERSION = YES;
				CLANG_WARN_OBJC_IMPLICIT_RETAIN_SELF = YES;
				CLANG_WARN_OBJC_LITERAL_CONVERSION = YES;
				CLANG_WARN_OBJC_ROOT_CLASS = YES_ERROR;
				CLANG_WARN_RANGE_LOOP_ANALYSIS = YES;
				CLANG_WARN_STRICT_PROTOTYPES = YES;
				CLANG_WARN_SUSPICIOUS_MOVE = YES;
				CLANG_WARN_UNGUARDED_AVAILABILITY = YES_AGGRESSIVE;
				CLANG_WARN_UNREACHABLE_CODE = YES;
				CLANG_WARN__DUPLICATE_METHOD_MATCH = YES;
				CODE_SIGN_IDENTITY = "iPhone Developer";
				COPY_PHASE_STRIP = NO;
				DEBUG_INFORMATION_FORMAT = dwarf;
				ENABLE_STRICT_OBJC_MSGSEND = YES;
				ENABLE_TESTABILITY = YES;
				GCC_C_LANGUAGE_STANDARD = gnu11;
				GCC_DYNAMIC_NO_PIC = NO;
				GCC_NO_COMMON_BLOCKS = YES;
				GCC_OPTIMIZATION_LEVEL = 0;
				GCC_PREPROCESSOR_DEFINITIONS = (
					"DEBUG=1",
					"$(inherited)",
				);
				GCC_WARN_64_TO_32_BIT_CONVERSION = YES;
				GCC_WARN_ABOUT_RETURN_TYPE = YES_ERROR;
				GCC_WARN_UNDECLARED_SELECTOR = YES;
				GCC_WARN_UNINITIALIZED_AUTOS = YES_AGGRESSIVE;
				GCC_WARN_UNUSED_FUNCTION = YES;
				GCC_WARN_UNUSED_VARIABLE = YES;
				IPHONEOS_DEPLOYMENT_TARGET = 12.1;
				MTL_ENABLE_DEBUG_INFO = INCLUDE_SOURCE;
				MTL_FAST_MATH = YES;
				ONLY_ACTIVE_ARCH = YES;
				SDKROOT = iphoneos;
				SWIFT_ACTIVE_COMPILATION_CONDITIONS = DEBUG;
				SWIFT_OPTIMIZATION_LEVEL = "-Onone";
			};
			name = Debug;
		};
		EDCE258E22421AF20094BB79 /* Release */ = {
			isa = XCBuildConfiguration;
			buildSettings = {
				ALWAYS_SEARCH_USER_PATHS = NO;
				CLANG_ANALYZER_NONNULL = YES;
				CLANG_ANALYZER_NUMBER_OBJECT_CONVERSION = YES_AGGRESSIVE;
				CLANG_CXX_LANGUAGE_STANDARD = "gnu++14";
				CLANG_CXX_LIBRARY = "libc++";
				CLANG_ENABLE_MODULES = YES;
				CLANG_ENABLE_OBJC_ARC = YES;
				CLANG_ENABLE_OBJC_WEAK = YES;
				CLANG_WARN_BLOCK_CAPTURE_AUTORELEASING = YES;
				CLANG_WARN_BOOL_CONVERSION = YES;
				CLANG_WARN_COMMA = YES;
				CLANG_WARN_CONSTANT_CONVERSION = YES;
				CLANG_WARN_DEPRECATED_OBJC_IMPLEMENTATIONS = YES;
				CLANG_WARN_DIRECT_OBJC_ISA_USAGE = YES_ERROR;
				CLANG_WARN_DOCUMENTATION_COMMENTS = YES;
				CLANG_WARN_EMPTY_BODY = YES;
				CLANG_WARN_ENUM_CONVERSION = YES;
				CLANG_WARN_INFINITE_RECURSION = YES;
				CLANG_WARN_INT_CONVERSION = YES;
				CLANG_WARN_NON_LITERAL_NULL_CONVERSION = YES;
				CLANG_WARN_OBJC_IMPLICIT_RETAIN_SELF = YES;
				CLANG_WARN_OBJC_LITERAL_CONVERSION = YES;
				CLANG_WARN_OBJC_ROOT_CLASS = YES_ERROR;
				CLANG_WARN_RANGE_LOOP_ANALYSIS = YES;
				CLANG_WARN_STRICT_PROTOTYPES = YES;
				CLANG_WARN_SUSPICIOUS_MOVE = YES;
				CLANG_WARN_UNGUARDED_AVAILABILITY = YES_AGGRESSIVE;
				CLANG_WARN_UNREACHABLE_CODE = YES;
				CLANG_WARN__DUPLICATE_METHOD_MATCH = YES;
				CODE_SIGN_IDENTITY = "iPhone Developer";
				COPY_PHASE_STRIP = NO;
				DEBUG_INFORMATION_FORMAT = "dwarf-with-dsym";
				ENABLE_NS_ASSERTIONS = NO;
				ENABLE_STRICT_OBJC_MSGSEND = YES;
				GCC_C_LANGUAGE_STANDARD = gnu11;
				GCC_NO_COMMON_BLOCKS = YES;
				GCC_WARN_64_TO_32_BIT_CONVERSION = YES;
				GCC_WARN_ABOUT_RETURN_TYPE = YES_ERROR;
				GCC_WARN_UNDECLARED_SELECTOR = YES;
				GCC_WARN_UNINITIALIZED_AUTOS = YES_AGGRESSIVE;
				GCC_WARN_UNUSED_FUNCTION = YES;
				GCC_WARN_UNUSED_VARIABLE = YES;
				IPHONEOS_DEPLOYMENT_TARGET = 12.1;
				MTL_ENABLE_DEBUG_INFO = NO;
				MTL_FAST_MATH = YES;
				SDKROOT = iphoneos;
				SWIFT_COMPILATION_MODE = wholemodule;
				SWIFT_OPTIMIZATION_LEVEL = "-O";
				VALIDATE_PRODUCT = YES;
			};
			name = Release;
		};
		EDCE259022421AF20094BB79 /* Debug */ = {
			isa = XCBuildConfiguration;
			buildSettings = {
				ASSETCATALOG_COMPILER_APPICON_NAME = AppIcon;
				CODE_SIGN_ENTITLEMENTS = HealthRecordsSample/HealthRecordsSample.entitlements;
				CODE_SIGN_STYLE = Automatic;
				DEVELOPMENT_TEAM = LPN23T94U7;
				INFOPLIST_FILE = HealthRecordsSample/Info.plist;
				LD_RUNPATH_SEARCH_PATHS = (
					"$(inherited)",
					"@executable_path/Frameworks",
				);
				PRODUCT_BUNDLE_IDENTIFIER = jp.feb19.HealthRecordsSample;
				PRODUCT_NAME = "$(TARGET_NAME)";
				SWIFT_VERSION = 4.2;
				TARGETED_DEVICE_FAMILY = "1,2";
			};
			name = Debug;
		};
		EDCE259122421AF20094BB79 /* Release */ = {
			isa = XCBuildConfiguration;
			buildSettings = {
				ASSETCATALOG_COMPILER_APPICON_NAME = AppIcon;
				CODE_SIGN_ENTITLEMENTS = HealthRecordsSample/HealthRecordsSample.entitlements;
				CODE_SIGN_STYLE = Automatic;
				DEVELOPMENT_TEAM = LPN23T94U7;
				INFOPLIST_FILE = HealthRecordsSample/Info.plist;
				LD_RUNPATH_SEARCH_PATHS = (
					"$(inherited)",
					"@executable_path/Frameworks",
				);
				PRODUCT_BUNDLE_IDENTIFIER = jp.feb19.HealthRecordsSample;
				PRODUCT_NAME = "$(TARGET_NAME)";
				SWIFT_VERSION = 4.2;
				TARGETED_DEVICE_FAMILY = "1,2";
			};
			name = Release;
		};
/* End XCBuildConfiguration section */

/* Begin XCConfigurationList section */
		EDCE257822421AF00094BB79 /* Build configuration list for PBXProject "HealthRecordsSample" */ = {
			isa = XCConfigurationList;
			buildConfigurations = (
				EDCE258D22421AF20094BB79 /* Debug */,
				EDCE258E22421AF20094BB79 /* Release */,
			);
			defaultConfigurationIsVisible = 0;
			defaultConfigurationName = Release;
		};
		EDCE258F22421AF20094BB79 /* Build configuration list for PBXNativeTarget "HealthRecordsSample" */ = {
			isa = XCConfigurationList;
			buildConfigurations = (
				EDCE259022421AF20094BB79 /* Debug */,
				EDCE259122421AF20094BB79 /* Release */,
			);
			defaultConfigurationIsVisible = 0;
			defaultConfigurationName = Release;
		};
/* End XCConfigurationList section */
	};
	rootObject = EDCE257522421AF00094BB79 /* Project object */;
}
